# This file was autogenerated by Stack.
# You should not edit this file by hand.
# For more information, please see the documentation at:
#   https://docs.haskellstack.org/en/stable/lock_files

packages:
- completed:
    name: cyp
    version: 0.2.0.0
    git: https://github.com/lukasstevens/cyp.git
    pantry-tree:
      size: 3723
      sha256: 9ce8719da9046dbc88f5336409001017fc5559d2dc840b832b70dbaf96bc7dde
    commit: 1397235cba5d87ac0168c4377d61e80876ee2621
  original:
    git: https://github.com/lukasstevens/cyp.git
    commit: 1397235cba5d87ac0168c4377d61e80876ee2621
snapshots:
- completed:
    size: 532177
    url: https://raw.githubusercontent.com/commercialhaskell/stackage-snapshots/master/lts/16/19.yaml
    sha256: d2b828ecf50386841d0c5700b58d38566992e10d63a062af497ab29ab031faa1
  original: lts-16.19
