# This file was autogenerated by Stack.
# You should not edit this file by hand.
# For more information, please see the documentation at:
#   https://docs.haskellstack.org/en/stable/lock_files

packages:
- completed:
    hackage: utf8-string-0.3@sha256:ead943aaae40105383ea2c1d268dea9c88cd40d58c9fa22a9dd849271a3d1874,813
    pantry-tree:
      size: 345
      sha256: 21959d34084d8a701a837da2392860c3cffcecd67b0cb778e707fead57b65fa8
  original:
    hackage: utf8-string-0.3@sha256:ead943aaae40105383ea2c1d268dea9c88cd40d58c9fa22a9dd849271a3d1874,813
snapshots:
- completed:
    size: 533252
    url: https://raw.githubusercontent.com/commercialhaskell/stackage-snapshots/master/lts/16/26.yaml
    sha256: cdbc5db9c1afe80a5998247939027a0c7db92fa0f20b5cd01596ec3da628b622
  original: lts-16.26
